
Microsoft Visual Studio Solution File, Format Version 12.00
# Visual Studio Version 16
VisualStudioVersion = 16.0.30907.101
MinimumVisualStudioVersion = 10.0.40219.1
Project("{FAE04EC0-301F-11D3-BF4B-00C04F79EFBC}") = "FedorovAFA.Lerning", "FedorovAFA.Lerning.csproj", "{AD24AE38-8075-438F-B900-A2FD13A181E7}"
EndProject
Project("{FAE04EC0-301F-11D3-BF4B-00C04F79EFBC}") = "Trying", "..\Trying\Trying.csproj", "{6BBB0604-10A5-42F4-BF9A-519F5554BFF9}"
EndProject
Global
	GlobalSection(SolutionConfigurationPlatforms) = preSolution
		Debug|Any CPU = Debug|Any CPU
		Release|Any CPU = Release|Any CPU
	EndGlobalSection
	GlobalSection(ProjectConfigurationPlatforms) = postSolution
		{AD24AE38-8075-438F-B900-A2FD13A181E7}.Debug|Any CPU.ActiveCfg = Debug|Any CPU
		{AD24AE38-8075-438F-B900-A2FD13A181E7}.Debug|Any CPU.Build.0 = Debug|Any CPU
		{AD24AE38-8075-438F-B900-A2FD13A181E7}.Release|Any CPU.ActiveCfg = Release|Any CPU
		{AD24AE38-8075-438F-B900-A2FD13A181E7}.Release|Any CPU.Build.0 = Release|Any CPU
		{6BBB0604-10A5-42F4-BF9A-519F5554BFF9}.Debug|Any CPU.ActiveCfg = Debug|Any CPU
		{6BBB0604-10A5-42F4-BF9A-519F5554BFF9}.Debug|Any CPU.Build.0 = Debug|Any CPU
		{6BBB0604-10A5-42F4-BF9A-519F5554BFF9}.Release|Any CPU.ActiveCfg = Release|Any CPU
		{6BBB0604-10A5-42F4-BF9A-519F5554BFF9}.Release|Any CPU.Build.0 = Release|Any CPU
	EndGlobalSection
	GlobalSection(SolutionProperties) = preSolution
		HideSolutionNode = FALSE
	EndGlobalSection
	GlobalSection(ExtensibilityGlobals) = postSolution
		SolutionGuid = {03994C67-6C2C-4129-AB9C-0EA02C769A0D}
	EndGlobalSection
EndGlobal
